
Microsoft Visual Studio Solution File, Format Version 12.00
# Visual Studio Version 17
VisualStudioVersion = 17.9.34622.214
MinimumVisualStudioVersion = 10.0.40219.1
Project("{FAE04EC0-301F-11D3-BF4B-00C04F79EFBC}") = "ST10039248 PROG6212", "ST10039248 PROG6212.csproj", "{A562DD3B-19FC-4132-98E4-C2DF90BC045A}"
EndProject
Global
	GlobalSection(SolutionConfigurationPlatforms) = preSolution
		Debug|Any CPU = Debug|Any CPU
		Release|Any CPU = Release|Any CPU
	EndGlobalSection
	GlobalSection(ProjectConfigurationPlatforms) = postSolution
		{A562DD3B-19FC-4132-98E4-C2DF90BC045A}.Debug|Any CPU.ActiveCfg = Debug|Any CPU
		{A562DD3B-19FC-4132-98E4-C2DF90BC045A}.Debug|Any CPU.Build.0 = Debug|Any CPU
		{A562DD3B-19FC-4132-98E4-C2DF90BC045A}.Release|Any CPU.ActiveCfg = Release|Any CPU
		{A562DD3B-19FC-4132-98E4-C2DF90BC045A}.Release|Any CPU.Build.0 = Release|Any CPU
	EndGlobalSection
	GlobalSection(SolutionProperties) = preSolution
		HideSolutionNode = FALSE
	EndGlobalSection
	GlobalSection(ExtensibilityGlobals) = postSolution
		SolutionGuid = {C43BBA65-8464-4C8F-AE3A-32EBB54BD886}
	EndGlobalSection
EndGlobal
